
Microsoft Visual Studio Solution File, Format Version 12.00
# Visual Studio 15
VisualStudioVersion = 15.0.28010.2041
MinimumVisualStudioVersion = 10.0.40219.1
Project("{FAE04EC0-301F-11D3-BF4B-00C04F79EFBC}") = "04_Lesson_Classes", "04_Lesson_Classes\04_Lesson_Classes.csproj", "{BA2306BA-1838-4788-85E7-EAB33558F69F}"
EndProject
Project("{FAE04EC0-301F-11D3-BF4B-00C04F79EFBC}") = "04_Test", "04_Test\04_Test.csproj", "{29BEA69A-C9DF-45D3-94B3-B4D33B67F945}"
EndProject
Global
	GlobalSection(SolutionConfigurationPlatforms) = preSolution
		Debug|Any CPU = Debug|Any CPU
		Release|Any CPU = Release|Any CPU
	EndGlobalSection
	GlobalSection(ProjectConfigurationPlatforms) = postSolution
		{BA2306BA-1838-4788-85E7-EAB33558F69F}.Debug|Any CPU.ActiveCfg = Debug|Any CPU
		{BA2306BA-1838-4788-85E7-EAB33558F69F}.Debug|Any CPU.Build.0 = Debug|Any CPU
		{BA2306BA-1838-4788-85E7-EAB33558F69F}.Release|Any CPU.ActiveCfg = Release|Any CPU
		{BA2306BA-1838-4788-85E7-EAB33558F69F}.Release|Any CPU.Build.0 = Release|Any CPU
		{29BEA69A-C9DF-45D3-94B3-B4D33B67F945}.Debug|Any CPU.ActiveCfg = Debug|Any CPU
		{29BEA69A-C9DF-45D3-94B3-B4D33B67F945}.Debug|Any CPU.Build.0 = Debug|Any CPU
		{29BEA69A-C9DF-45D3-94B3-B4D33B67F945}.Release|Any CPU.ActiveCfg = Release|Any CPU
		{29BEA69A-C9DF-45D3-94B3-B4D33B67F945}.Release|Any CPU.Build.0 = Release|Any CPU
	EndGlobalSection
	GlobalSection(SolutionProperties) = preSolution
		HideSolutionNode = FALSE
	EndGlobalSection
	GlobalSection(ExtensibilityGlobals) = postSolution
		SolutionGuid = {137218A8-E64F-45B1-AA02-5030CDA0FB81}
	EndGlobalSection
EndGlobal
