
Microsoft Visual Studio Solution File, Format Version 12.00
# Visual Studio 15
VisualStudioVersion = 15.0.28010.2041
MinimumVisualStudioVersion = 10.0.40219.1
Project("{FAE04EC0-301F-11D3-BF4B-00C04F79EFBC}") = "07_Classes_Inherit", "07_Classes_Inherit\07_Classes_Inherit.csproj", "{57C128D3-3114-419E-8D9E-421C15F92A1F}"
EndProject
Global
	GlobalSection(SolutionConfigurationPlatforms) = preSolution
		Debug|Any CPU = Debug|Any CPU
		Release|Any CPU = Release|Any CPU
	EndGlobalSection
	GlobalSection(ProjectConfigurationPlatforms) = postSolution
		{57C128D3-3114-419E-8D9E-421C15F92A1F}.Debug|Any CPU.ActiveCfg = Debug|Any CPU
		{57C128D3-3114-419E-8D9E-421C15F92A1F}.Debug|Any CPU.Build.0 = Debug|Any CPU
		{57C128D3-3114-419E-8D9E-421C15F92A1F}.Release|Any CPU.ActiveCfg = Release|Any CPU
		{57C128D3-3114-419E-8D9E-421C15F92A1F}.Release|Any CPU.Build.0 = Release|Any CPU
	EndGlobalSection
	GlobalSection(SolutionProperties) = preSolution
		HideSolutionNode = FALSE
	EndGlobalSection
	GlobalSection(ExtensibilityGlobals) = postSolution
		SolutionGuid = {AE785503-83B3-49F5-BDE0-FF8B13C694B3}
	EndGlobalSection
EndGlobal
