
Microsoft Visual Studio Solution File, Format Version 12.00
# Visual Studio 15
VisualStudioVersion = 15.0.28010.2041
MinimumVisualStudioVersion = 10.0.40219.1
Project("{FAE04EC0-301F-11D3-BF4B-00C04F79EFBC}") = "12_ArrayList", "12_Collections\12_ArrayList.csproj", "{BCFC7065-FF61-4A48-966F-F9282190A1E3}"
EndProject
Project("{FAE04EC0-301F-11D3-BF4B-00C04F79EFBC}") = "12_Stack_Queue", "12_Stack_Queue\12_Stack_Queue.csproj", "{3A9D5833-20AC-4920-AD58-6EC576EEC297}"
EndProject
Project("{FAE04EC0-301F-11D3-BF4B-00C04F79EFBC}") = "12_Hashtable", "12_Hashtable\12_Hashtable.csproj", "{B789FFB5-60EB-4EB9-B911-75AA430BDAD8}"
EndProject
Project("{FAE04EC0-301F-11D3-BF4B-00C04F79EFBC}") = "12_SortedList", "12_SortedList\12_SortedList.csproj", "{175A9F40-F92A-4B77-B0C1-D94293DC1FE2}"
EndProject
Project("{FAE04EC0-301F-11D3-BF4B-00C04F79EFBC}") = "12_ArrayListSorted", "12_ArrayListSorted\12_ArrayListSorted.csproj", "{4DFE9F5D-6BCF-4334-8249-42A65B8054DE}"
EndProject
Global
	GlobalSection(SolutionConfigurationPlatforms) = preSolution
		Debug|Any CPU = Debug|Any CPU
		Release|Any CPU = Release|Any CPU
	EndGlobalSection
	GlobalSection(ProjectConfigurationPlatforms) = postSolution
		{BCFC7065-FF61-4A48-966F-F9282190A1E3}.Debug|Any CPU.ActiveCfg = Debug|Any CPU
		{BCFC7065-FF61-4A48-966F-F9282190A1E3}.Debug|Any CPU.Build.0 = Debug|Any CPU
		{BCFC7065-FF61-4A48-966F-F9282190A1E3}.Release|Any CPU.ActiveCfg = Release|Any CPU
		{BCFC7065-FF61-4A48-966F-F9282190A1E3}.Release|Any CPU.Build.0 = Release|Any CPU
		{3A9D5833-20AC-4920-AD58-6EC576EEC297}.Debug|Any CPU.ActiveCfg = Debug|Any CPU
		{3A9D5833-20AC-4920-AD58-6EC576EEC297}.Debug|Any CPU.Build.0 = Debug|Any CPU
		{3A9D5833-20AC-4920-AD58-6EC576EEC297}.Release|Any CPU.ActiveCfg = Release|Any CPU
		{3A9D5833-20AC-4920-AD58-6EC576EEC297}.Release|Any CPU.Build.0 = Release|Any CPU
		{B789FFB5-60EB-4EB9-B911-75AA430BDAD8}.Debug|Any CPU.ActiveCfg = Debug|Any CPU
		{B789FFB5-60EB-4EB9-B911-75AA430BDAD8}.Debug|Any CPU.Build.0 = Debug|Any CPU
		{B789FFB5-60EB-4EB9-B911-75AA430BDAD8}.Release|Any CPU.ActiveCfg = Release|Any CPU
		{B789FFB5-60EB-4EB9-B911-75AA430BDAD8}.Release|Any CPU.Build.0 = Release|Any CPU
		{175A9F40-F92A-4B77-B0C1-D94293DC1FE2}.Debug|Any CPU.ActiveCfg = Debug|Any CPU
		{175A9F40-F92A-4B77-B0C1-D94293DC1FE2}.Debug|Any CPU.Build.0 = Debug|Any CPU
		{175A9F40-F92A-4B77-B0C1-D94293DC1FE2}.Release|Any CPU.ActiveCfg = Release|Any CPU
		{175A9F40-F92A-4B77-B0C1-D94293DC1FE2}.Release|Any CPU.Build.0 = Release|Any CPU
		{4DFE9F5D-6BCF-4334-8249-42A65B8054DE}.Debug|Any CPU.ActiveCfg = Debug|Any CPU
		{4DFE9F5D-6BCF-4334-8249-42A65B8054DE}.Debug|Any CPU.Build.0 = Debug|Any CPU
		{4DFE9F5D-6BCF-4334-8249-42A65B8054DE}.Release|Any CPU.ActiveCfg = Release|Any CPU
		{4DFE9F5D-6BCF-4334-8249-42A65B8054DE}.Release|Any CPU.Build.0 = Release|Any CPU
	EndGlobalSection
	GlobalSection(SolutionProperties) = preSolution
		HideSolutionNode = FALSE
	EndGlobalSection
	GlobalSection(ExtensibilityGlobals) = postSolution
		SolutionGuid = {EB6E6758-7A38-46EF-8697-5664C1DCAFFA}
	EndGlobalSection
EndGlobal
