
Microsoft Visual Studio Solution File, Format Version 12.00
# Visual Studio 15
VisualStudioVersion = 15.0.28010.2041
MinimumVisualStudioVersion = 10.0.40219.1
Project("{FAE04EC0-301F-11D3-BF4B-00C04F79EFBC}") = "01_Lesson", "01_Lesson\01_Lesson.csproj", "{0491C437-AC7C-4599-B48C-BCB6D853D19A}"
EndProject
Global
	GlobalSection(SolutionConfigurationPlatforms) = preSolution
		Debug|Any CPU = Debug|Any CPU
		Release|Any CPU = Release|Any CPU
	EndGlobalSection
	GlobalSection(ProjectConfigurationPlatforms) = postSolution
		{0491C437-AC7C-4599-B48C-BCB6D853D19A}.Debug|Any CPU.ActiveCfg = Debug|Any CPU
		{0491C437-AC7C-4599-B48C-BCB6D853D19A}.Debug|Any CPU.Build.0 = Debug|Any CPU
		{0491C437-AC7C-4599-B48C-BCB6D853D19A}.Release|Any CPU.ActiveCfg = Release|Any CPU
		{0491C437-AC7C-4599-B48C-BCB6D853D19A}.Release|Any CPU.Build.0 = Release|Any CPU
	EndGlobalSection
	GlobalSection(SolutionProperties) = preSolution
		HideSolutionNode = FALSE
	EndGlobalSection
	GlobalSection(ExtensibilityGlobals) = postSolution
		SolutionGuid = {4FA46DE7-D0BC-4CC8-8EA2-C42FF48F403D}
	EndGlobalSection
EndGlobal
